
Microsoft Visual Studio Solution File, Format Version 12.00
# Visual Studio Version 17
VisualStudioVersion = 17.9.34607.119
MinimumVisualStudioVersion = 10.0.40219.1
Project("{2150E333-8FDC-42A3-9474-1A3956D46DE8}") = "src", "src", "{2C82D6C0-60FF-4A75-A310-AB33BBA3FE8D}"
EndProject
Project("{2150E333-8FDC-42A3-9474-1A3956D46DE8}") = "3.InfraStructure", "3.InfraStructure", "{C8E9E91A-C041-48AF-A200-FEDF4F6C9C14}"
EndProject
Project("{9A19103F-16F7-4668-BE54-9A1E7A4F7556}") = "GeneralLabSolutions.InfraStructure", "src\InfraStructure\GeneralLabSolutions.InfraStructure\GeneralLabSolutions.InfraStructure.csproj", "{18D5790F-A7A9-474E-8CCC-DF2464215159}"
EndProject
Project("{2150E333-8FDC-42A3-9474-1A3956D46DE8}") = "Solution Items", "Solution Items", "{CE45443F-CAD6-4EF8-B201-4CC9DB96F50C}"
	ProjectSection(SolutionItems) = preProject
		.editorconfig = .editorconfig
	EndProjectSection
EndProject
Project("{2150E333-8FDC-42A3-9474-1A3956D46DE8}") = "1.Core", "1.Core", "{A841F39B-618D-4390-8A96-1A27EED802DD}"
EndProject
Project("{2150E333-8FDC-42A3-9474-1A3956D46DE8}") = "Identidade", "Identidade", "{F1BA364F-3D05-4486-9536-846C39264C66}"
EndProject
Project("{2150E333-8FDC-42A3-9474-1A3956D46DE8}") = "CoreDomain", "CoreDomain", "{67C9DC19-57F6-461B-9815-7191699A344F}"
EndProject
Project("{2150E333-8FDC-42A3-9474-1A3956D46DE8}") = "CoreAPI", "CoreAPI", "{2F5E1177-75F4-4E7A-BB6B-EF3BB0548E96}"
EndProject
Project("{2150E333-8FDC-42A3-9474-1A3956D46DE8}") = "4.Velzon", "4.Velzon", "{340FBD20-560D-488E-84F2-3500B890F7DC}"
EndProject
Project("{FAE04EC0-301F-11D3-BF4B-00C04F79EFBC}") = "VelzonModerna", "src\VelzonModerna\VelzonModerna.csproj", "{97476FBD-AE40-47A9-B5C0-999B2BE88016}"
EndProject
Project("{2150E333-8FDC-42A3-9474-1A3956D46DE8}") = "CoreShared", "CoreShared", "{02EA681E-C7D8-13C7-8484-4AC65E1B71E8}"
EndProject
Project("{FAE04EC0-301F-11D3-BF4B-00C04F79EFBC}") = "GeneralLabSolutions.CoreShared", "src\GeneralLabSolutions.CoreShared\GeneralLabSolutions.CoreShared.csproj", "{5180350C-9181-40A5-8180-88E0DAC805BE}"
EndProject
Project("{FAE04EC0-301F-11D3-BF4B-00C04F79EFBC}") = "GeneralLabSolutions.Domain", "src\Domain\GeneralLabSolutions.Domain\GeneralLabSolutions.Domain.csproj", "{66144DD0-A1D3-3FE1-D240-FC16D1F004F5}"
EndProject
Project("{FAE04EC0-301F-11D3-BF4B-00C04F79EFBC}") = "GeneralLabSolutions.WebApiCore", "src\Core\GeneralLabSolutions.WebApiCore\GeneralLabSolutions.WebApiCore.csproj", "{405A8282-7556-E7AE-19D2-3B1438C59814}"
EndProject
Project("{FAE04EC0-301F-11D3-BF4B-00C04F79EFBC}") = "GeneralLabSolutions.Identidade", "src\Services\GeneralLabSolutions.Identidade\GeneralLabSolutions.Identidade.csproj", "{185B57BE-292A-0B1A-564F-4A4B4DE11EF4}"
EndProject
Project("{2150E333-8FDC-42A3-9474-1A3956D46DE8}") = "2.Servicos", "2.Servicos", "{67E30438-FAFF-4704-AC72-6E0C9CC2677F}"
EndProject
Global
	GlobalSection(SolutionConfigurationPlatforms) = preSolution
		Debug|Any CPU = Debug|Any CPU
		Release|Any CPU = Release|Any CPU
	EndGlobalSection
	GlobalSection(ProjectConfigurationPlatforms) = postSolution
		{18D5790F-A7A9-474E-8CCC-DF2464215159}.Debug|Any CPU.ActiveCfg = Debug|Any CPU
		{18D5790F-A7A9-474E-8CCC-DF2464215159}.Debug|Any CPU.Build.0 = Debug|Any CPU
		{18D5790F-A7A9-474E-8CCC-DF2464215159}.Release|Any CPU.ActiveCfg = Release|Any CPU
		{18D5790F-A7A9-474E-8CCC-DF2464215159}.Release|Any CPU.Build.0 = Release|Any CPU
		{97476FBD-AE40-47A9-B5C0-999B2BE88016}.Debug|Any CPU.ActiveCfg = Debug|Any CPU
		{97476FBD-AE40-47A9-B5C0-999B2BE88016}.Debug|Any CPU.Build.0 = Debug|Any CPU
		{97476FBD-AE40-47A9-B5C0-999B2BE88016}.Release|Any CPU.ActiveCfg = Release|Any CPU
		{97476FBD-AE40-47A9-B5C0-999B2BE88016}.Release|Any CPU.Build.0 = Release|Any CPU
		{5180350C-9181-40A5-8180-88E0DAC805BE}.Debug|Any CPU.ActiveCfg = Debug|Any CPU
		{5180350C-9181-40A5-8180-88E0DAC805BE}.Debug|Any CPU.Build.0 = Debug|Any CPU
		{5180350C-9181-40A5-8180-88E0DAC805BE}.Release|Any CPU.ActiveCfg = Release|Any CPU
		{5180350C-9181-40A5-8180-88E0DAC805BE}.Release|Any CPU.Build.0 = Release|Any CPU
		{66144DD0-A1D3-3FE1-D240-FC16D1F004F5}.Debug|Any CPU.ActiveCfg = Debug|Any CPU
		{66144DD0-A1D3-3FE1-D240-FC16D1F004F5}.Debug|Any CPU.Build.0 = Debug|Any CPU
		{66144DD0-A1D3-3FE1-D240-FC16D1F004F5}.Release|Any CPU.ActiveCfg = Release|Any CPU
		{66144DD0-A1D3-3FE1-D240-FC16D1F004F5}.Release|Any CPU.Build.0 = Release|Any CPU
		{405A8282-7556-E7AE-19D2-3B1438C59814}.Debug|Any CPU.ActiveCfg = Debug|Any CPU
		{405A8282-7556-E7AE-19D2-3B1438C59814}.Debug|Any CPU.Build.0 = Debug|Any CPU
		{405A8282-7556-E7AE-19D2-3B1438C59814}.Release|Any CPU.ActiveCfg = Release|Any CPU
		{405A8282-7556-E7AE-19D2-3B1438C59814}.Release|Any CPU.Build.0 = Release|Any CPU
		{185B57BE-292A-0B1A-564F-4A4B4DE11EF4}.Debug|Any CPU.ActiveCfg = Debug|Any CPU
		{185B57BE-292A-0B1A-564F-4A4B4DE11EF4}.Debug|Any CPU.Build.0 = Debug|Any CPU
		{185B57BE-292A-0B1A-564F-4A4B4DE11EF4}.Release|Any CPU.ActiveCfg = Release|Any CPU
		{185B57BE-292A-0B1A-564F-4A4B4DE11EF4}.Release|Any CPU.Build.0 = Release|Any CPU
	EndGlobalSection
	GlobalSection(SolutionProperties) = preSolution
		HideSolutionNode = FALSE
	EndGlobalSection
	GlobalSection(NestedProjects) = preSolution
		{C8E9E91A-C041-48AF-A200-FEDF4F6C9C14} = {2C82D6C0-60FF-4A75-A310-AB33BBA3FE8D}
		{18D5790F-A7A9-474E-8CCC-DF2464215159} = {C8E9E91A-C041-48AF-A200-FEDF4F6C9C14}
		{A841F39B-618D-4390-8A96-1A27EED802DD} = {2C82D6C0-60FF-4A75-A310-AB33BBA3FE8D}
		{F1BA364F-3D05-4486-9536-846C39264C66} = {67E30438-FAFF-4704-AC72-6E0C9CC2677F}
		{67C9DC19-57F6-461B-9815-7191699A344F} = {A841F39B-618D-4390-8A96-1A27EED802DD}
		{2F5E1177-75F4-4E7A-BB6B-EF3BB0548E96} = {A841F39B-618D-4390-8A96-1A27EED802DD}
		{340FBD20-560D-488E-84F2-3500B890F7DC} = {2C82D6C0-60FF-4A75-A310-AB33BBA3FE8D}
		{97476FBD-AE40-47A9-B5C0-999B2BE88016} = {340FBD20-560D-488E-84F2-3500B890F7DC}
		{02EA681E-C7D8-13C7-8484-4AC65E1B71E8} = {A841F39B-618D-4390-8A96-1A27EED802DD}
		{5180350C-9181-40A5-8180-88E0DAC805BE} = {02EA681E-C7D8-13C7-8484-4AC65E1B71E8}
		{66144DD0-A1D3-3FE1-D240-FC16D1F004F5} = {67C9DC19-57F6-461B-9815-7191699A344F}
		{405A8282-7556-E7AE-19D2-3B1438C59814} = {2F5E1177-75F4-4E7A-BB6B-EF3BB0548E96}
		{185B57BE-292A-0B1A-564F-4A4B4DE11EF4} = {F1BA364F-3D05-4486-9536-846C39264C66}
		{67E30438-FAFF-4704-AC72-6E0C9CC2677F} = {2C82D6C0-60FF-4A75-A310-AB33BBA3FE8D}
	EndGlobalSection
	GlobalSection(ExtensibilityGlobals) = postSolution
		SolutionGuid = {D9A89055-F42C-443F-8933-E84150FFF4AC}
	EndGlobalSection
EndGlobal
